
Microsoft Visual Studio Solution File, Format Version 12.00
# Visual Studio Version 17
VisualStudioVersion = 17.1.32421.90
MinimumVisualStudioVersion = 10.0.40219.1
Project("{FAE04EC0-301F-11D3-BF4B-00C04F79EFBC}") = "Summator", "Summator\Summator.csproj", "{9BB8989C-1971-4AF1-8B21-712A70A30FAC}"
EndProject
Project("{FAE04EC0-301F-11D3-BF4B-00C04F79EFBC}") = "Summator.Test", "Summator.Test\Summator.Test.csproj", "{9A0425A6-4A12-4CD0-930D-40D8E73A919B}"
EndProject
Global
	GlobalSection(SolutionConfigurationPlatforms) = preSolution
		Debug|Any CPU = Debug|Any CPU
		Release|Any CPU = Release|Any CPU
	EndGlobalSection
	GlobalSection(ProjectConfigurationPlatforms) = postSolution
		{9BB8989C-1971-4AF1-8B21-712A70A30FAC}.Debug|Any CPU.ActiveCfg = Debug|Any CPU
		{9BB8989C-1971-4AF1-8B21-712A70A30FAC}.Debug|Any CPU.Build.0 = Debug|Any CPU
		{9BB8989C-1971-4AF1-8B21-712A70A30FAC}.Release|Any CPU.ActiveCfg = Release|Any CPU
		{9BB8989C-1971-4AF1-8B21-712A70A30FAC}.Release|Any CPU.Build.0 = Release|Any CPU
		{9A0425A6-4A12-4CD0-930D-40D8E73A919B}.Debug|Any CPU.ActiveCfg = Debug|Any CPU
		{9A0425A6-4A12-4CD0-930D-40D8E73A919B}.Debug|Any CPU.Build.0 = Debug|Any CPU
		{9A0425A6-4A12-4CD0-930D-40D8E73A919B}.Release|Any CPU.ActiveCfg = Release|Any CPU
		{9A0425A6-4A12-4CD0-930D-40D8E73A919B}.Release|Any CPU.Build.0 = Release|Any CPU
	EndGlobalSection
	GlobalSection(SolutionProperties) = preSolution
		HideSolutionNode = FALSE
	EndGlobalSection
	GlobalSection(ExtensibilityGlobals) = postSolution
		SolutionGuid = {15D99A9D-8993-4E07-A883-E1F64D8BBF95}
	EndGlobalSection
EndGlobal
